
Microsoft Visual Studio Solution File, Format Version 12.00
# Visual Studio Version 17
VisualStudioVersion = 17.6.33723.286
MinimumVisualStudioVersion = 10.0.40219.1
Project("{FAE04EC0-301F-11D3-BF4B-00C04F79EFBC}") = "LanchesMac", "LanchesMac\LanchesMac.csproj", "{F4C58FB1-963A-4BC1-B2BD-D65CA3A7AE87}"
EndProject
Global
	GlobalSection(SolutionConfigurationPlatforms) = preSolution
		Debug|Any CPU = Debug|Any CPU
		Release|Any CPU = Release|Any CPU
	EndGlobalSection
	GlobalSection(ProjectConfigurationPlatforms) = postSolution
		{F4C58FB1-963A-4BC1-B2BD-D65CA3A7AE87}.Debug|Any CPU.ActiveCfg = Debug|Any CPU
		{F4C58FB1-963A-4BC1-B2BD-D65CA3A7AE87}.Debug|Any CPU.Build.0 = Debug|Any CPU
		{F4C58FB1-963A-4BC1-B2BD-D65CA3A7AE87}.Release|Any CPU.ActiveCfg = Release|Any CPU
		{F4C58FB1-963A-4BC1-B2BD-D65CA3A7AE87}.Release|Any CPU.Build.0 = Release|Any CPU
	EndGlobalSection
	GlobalSection(SolutionProperties) = preSolution
		HideSolutionNode = FALSE
	EndGlobalSection
	GlobalSection(ExtensibilityGlobals) = postSolution
		SolutionGuid = {975F5A3A-4925-4AB6-BDC7-6A99F3CE3B05}
	EndGlobalSection
EndGlobal
